
Microsoft Visual Studio Solution File, Format Version 12.00
# Visual Studio 15
VisualStudioVersion = 15.0.26430.6
MinimumVisualStudioVersion = 10.0.40219.1
Project("{6870E480-7721-4708-BFB8-9AE898AA21B3}") = "TargetModel", "TargetModel\TargetModel.smproj", "{80D9B586-78D3-48E5-BC2F-8B6FE95959E9}"
EndProject
Project("{6870E480-7721-4708-BFB8-9AE898AA21B3}") = "SourceModel", "SourceModel\SourceModel.smproj", "{8CE414BB-95B2-4C99-9E03-51BA72086E22}"
EndProject
Global
	GlobalSection(SolutionConfigurationPlatforms) = preSolution
		Development|x86 = Development|x86
	EndGlobalSection
	GlobalSection(ProjectConfigurationPlatforms) = postSolution
		{80D9B586-78D3-48E5-BC2F-8B6FE95959E9}.Development|x86.ActiveCfg = Development|x86
		{80D9B586-78D3-48E5-BC2F-8B6FE95959E9}.Development|x86.Build.0 = Development|x86
		{80D9B586-78D3-48E5-BC2F-8B6FE95959E9}.Development|x86.Deploy.0 = Development|x86
		{8CE414BB-95B2-4C99-9E03-51BA72086E22}.Development|x86.ActiveCfg = Development|x86
		{8CE414BB-95B2-4C99-9E03-51BA72086E22}.Development|x86.Build.0 = Development|x86
		{8CE414BB-95B2-4C99-9E03-51BA72086E22}.Development|x86.Deploy.0 = Development|x86
	EndGlobalSection
	GlobalSection(SolutionProperties) = preSolution
		HideSolutionNode = FALSE
	EndGlobalSection
EndGlobal
