
Microsoft Visual Studio Solution File, Format Version 12.00
# Visual Studio Version 16
VisualStudioVersion = 16.0.29306.81
MinimumVisualStudioVersion = 10.0.40219.1
Project("{FAE04EC0-301F-11D3-BF4B-00C04F79EFBC}") = "BismNormalizer", "BismNormalizer\BismNormalizer.csproj", "{E54D1347-06AE-41AC-A750-5BF8ECC80EC5}"
EndProject
Project("{FAE04EC0-301F-11D3-BF4B-00C04F79EFBC}") = "BismNormalizer.CommandLine", "BismNormalizer.CommandLine\BismNormalizer.CommandLine.csproj", "{4C77E665-FA37-4793-8950-69AABD3DC626}"
EndProject
Project("{FAE04EC0-301F-11D3-BF4B-00C04F79EFBC}") = "BismNormalizer.IconSetup", "BismNormalizer.IconSetup\BismNormalizer.IconSetup.csproj", "{849693FC-AD82-4323-8A96-D6A0F6D97566}"
EndProject
Project("{FAE04EC0-301F-11D3-BF4B-00C04F79EFBC}") = "BismNormalizer.Tests", "BismNormalizer.Tests\BismNormalizer.Tests.csproj", "{3AE5D06F-A054-4AD1-83A9-9F0B8B1FC0B4}"
EndProject
Project("{FAE04EC0-301F-11D3-BF4B-00C04F79EFBC}") = "AlmToolkit", "AlmToolkit\AlmToolkit.csproj", "{765C0612-BB8F-4261-87AE-B5B842BE3C26}"
EndProject
Project("{54435603-DBB4-11D2-8724-00A0C9A8B90C}") = "AlmToolkitSetup", "AlmToolkitSetup\AlmToolkitSetup.vdproj", "{03220A9A-AB29-4B5F-8BCB-D3545FD8F3EF}"
EndProject
Global
	GlobalSection(SolutionConfigurationPlatforms) = preSolution
		Debug|Any CPU = Debug|Any CPU
		Debug|x64 = Debug|x64
		Release|Any CPU = Release|Any CPU
		Release|x64 = Release|x64
	EndGlobalSection
	GlobalSection(ProjectConfigurationPlatforms) = postSolution
		{E54D1347-06AE-41AC-A750-5BF8ECC80EC5}.Debug|Any CPU.ActiveCfg = Debug|Any CPU
		{E54D1347-06AE-41AC-A750-5BF8ECC80EC5}.Debug|Any CPU.Build.0 = Debug|Any CPU
		{E54D1347-06AE-41AC-A750-5BF8ECC80EC5}.Debug|x64.ActiveCfg = Debug|Any CPU
		{E54D1347-06AE-41AC-A750-5BF8ECC80EC5}.Debug|x64.Build.0 = Debug|Any CPU
		{E54D1347-06AE-41AC-A750-5BF8ECC80EC5}.Release|Any CPU.ActiveCfg = Release|Any CPU
		{E54D1347-06AE-41AC-A750-5BF8ECC80EC5}.Release|Any CPU.Build.0 = Release|Any CPU
		{E54D1347-06AE-41AC-A750-5BF8ECC80EC5}.Release|x64.ActiveCfg = Release|Any CPU
		{E54D1347-06AE-41AC-A750-5BF8ECC80EC5}.Release|x64.Build.0 = Release|Any CPU
		{4C77E665-FA37-4793-8950-69AABD3DC626}.Debug|Any CPU.ActiveCfg = Debug|Any CPU
		{4C77E665-FA37-4793-8950-69AABD3DC626}.Debug|Any CPU.Build.0 = Debug|Any CPU
		{4C77E665-FA37-4793-8950-69AABD3DC626}.Debug|x64.ActiveCfg = Debug|Any CPU
		{4C77E665-FA37-4793-8950-69AABD3DC626}.Debug|x64.Build.0 = Debug|Any CPU
		{4C77E665-FA37-4793-8950-69AABD3DC626}.Release|Any CPU.ActiveCfg = Release|Any CPU
		{4C77E665-FA37-4793-8950-69AABD3DC626}.Release|Any CPU.Build.0 = Release|Any CPU
		{4C77E665-FA37-4793-8950-69AABD3DC626}.Release|x64.ActiveCfg = Release|Any CPU
		{4C77E665-FA37-4793-8950-69AABD3DC626}.Release|x64.Build.0 = Release|Any CPU
		{849693FC-AD82-4323-8A96-D6A0F6D97566}.Debug|Any CPU.ActiveCfg = Debug|Any CPU
		{849693FC-AD82-4323-8A96-D6A0F6D97566}.Debug|Any CPU.Build.0 = Debug|Any CPU
		{849693FC-AD82-4323-8A96-D6A0F6D97566}.Debug|x64.ActiveCfg = Debug|Any CPU
		{849693FC-AD82-4323-8A96-D6A0F6D97566}.Debug|x64.Build.0 = Debug|Any CPU
		{849693FC-AD82-4323-8A96-D6A0F6D97566}.Release|Any CPU.ActiveCfg = Release|Any CPU
		{849693FC-AD82-4323-8A96-D6A0F6D97566}.Release|Any CPU.Build.0 = Release|Any CPU
		{849693FC-AD82-4323-8A96-D6A0F6D97566}.Release|x64.ActiveCfg = Release|Any CPU
		{849693FC-AD82-4323-8A96-D6A0F6D97566}.Release|x64.Build.0 = Release|Any CPU
		{3AE5D06F-A054-4AD1-83A9-9F0B8B1FC0B4}.Debug|Any CPU.ActiveCfg = Debug|Any CPU
		{3AE5D06F-A054-4AD1-83A9-9F0B8B1FC0B4}.Debug|x64.ActiveCfg = Debug|Any CPU
		{3AE5D06F-A054-4AD1-83A9-9F0B8B1FC0B4}.Debug|x64.Build.0 = Debug|Any CPU
		{3AE5D06F-A054-4AD1-83A9-9F0B8B1FC0B4}.Release|Any CPU.ActiveCfg = Release|Any CPU
		{3AE5D06F-A054-4AD1-83A9-9F0B8B1FC0B4}.Release|Any CPU.Build.0 = Release|Any CPU
		{3AE5D06F-A054-4AD1-83A9-9F0B8B1FC0B4}.Release|x64.ActiveCfg = Release|Any CPU
		{3AE5D06F-A054-4AD1-83A9-9F0B8B1FC0B4}.Release|x64.Build.0 = Release|Any CPU
		{765C0612-BB8F-4261-87AE-B5B842BE3C26}.Debug|Any CPU.ActiveCfg = Debug|Any CPU
		{765C0612-BB8F-4261-87AE-B5B842BE3C26}.Debug|Any CPU.Build.0 = Debug|Any CPU
		{765C0612-BB8F-4261-87AE-B5B842BE3C26}.Debug|x64.ActiveCfg = Debug|x64
		{765C0612-BB8F-4261-87AE-B5B842BE3C26}.Debug|x64.Build.0 = Debug|x64
		{765C0612-BB8F-4261-87AE-B5B842BE3C26}.Release|Any CPU.ActiveCfg = Release|Any CPU
		{765C0612-BB8F-4261-87AE-B5B842BE3C26}.Release|Any CPU.Build.0 = Release|Any CPU
		{765C0612-BB8F-4261-87AE-B5B842BE3C26}.Release|x64.ActiveCfg = Release|x64
		{765C0612-BB8F-4261-87AE-B5B842BE3C26}.Release|x64.Build.0 = Release|x64
		{03220A9A-AB29-4B5F-8BCB-D3545FD8F3EF}.Debug|Any CPU.ActiveCfg = Debug
		{03220A9A-AB29-4B5F-8BCB-D3545FD8F3EF}.Debug|x64.ActiveCfg = Debug
		{03220A9A-AB29-4B5F-8BCB-D3545FD8F3EF}.Debug|x64.Build.0 = Debug
		{03220A9A-AB29-4B5F-8BCB-D3545FD8F3EF}.Release|Any CPU.ActiveCfg = Release
		{03220A9A-AB29-4B5F-8BCB-D3545FD8F3EF}.Release|Any CPU.Build.0 = Release
		{03220A9A-AB29-4B5F-8BCB-D3545FD8F3EF}.Release|x64.ActiveCfg = Release
		{03220A9A-AB29-4B5F-8BCB-D3545FD8F3EF}.Release|x64.Build.0 = Release
	EndGlobalSection
	GlobalSection(SolutionProperties) = preSolution
		HideSolutionNode = FALSE
	EndGlobalSection
	GlobalSection(ExtensibilityGlobals) = postSolution
		SolutionGuid = {2B9958CF-DBD0-4DAB-9124-49BBA68C6BD7}
	EndGlobalSection
EndGlobal
