{
  "requires": true,
  "lockfileVersion": 1,
  "dependencies": {
    "treekill": {
      "version": "1.0.0",
      "resolved": "https://registry.npmjs.org/treekill/-/treekill-1.0.0.tgz",
      "integrity": "sha512-yRk5h+uZ6oFKQWf88pzuOSujKvpU8wqo9nuxCMUvWU55sC6A9J0EzjmEwpTjHydhBhBDDZKgA6992aIEWTxDkw=="
    }
  }
}
