
Microsoft Visual Studio Solution File, Format Version 12.00
# Visual Studio 2013
VisualStudioVersion = 12.0.40629.0
MinimumVisualStudioVersion = 10.0.40219.1
Project("{FAE04EC0-301F-11D3-BF4B-00C04F79EFBC}") = "ASTrace2016", "ASTrace\ASTrace2016.csproj", "{1B1359C0-AD58-4B92-966D-0110733AD0FF}"
EndProject
Global
	GlobalSection(SolutionConfigurationPlatforms) = preSolution
		Debug|Any CPU = Debug|Any CPU
		Release|Any CPU = Release|Any CPU
	EndGlobalSection
	GlobalSection(ProjectConfigurationPlatforms) = postSolution
		{1B1359C0-AD58-4B92-966D-0110733AD0FF}.Debug|Any CPU.ActiveCfg = Debug|Any CPU
		{1B1359C0-AD58-4B92-966D-0110733AD0FF}.Debug|Any CPU.Build.0 = Debug|Any CPU
		{1B1359C0-AD58-4B92-966D-0110733AD0FF}.Release|Any CPU.ActiveCfg = Release|Any CPU
		{1B1359C0-AD58-4B92-966D-0110733AD0FF}.Release|Any CPU.Build.0 = Release|Any CPU
	EndGlobalSection
	GlobalSection(SolutionProperties) = preSolution
		HideSolutionNode = FALSE
	EndGlobalSection
EndGlobal
